
Microsoft Visual Studio Solution File, Format Version 12.00
# Visual Studio 16
Project("{FAE04EC0-301F-11D3-BF4B-00C04F79EFBC}") = "Assembly-CSharp", "Assembly-CSharp.csproj", "{A5ACD262-B6A8-A602-09E3-C7248C09E86D}"
EndProject
Project("{FAE04EC0-301F-11D3-BF4B-00C04F79EFBC}") = "Assembly-CSharp-Editor-firstpass", "Assembly-CSharp-Editor-firstpass.csproj", "{8798D740-AF6E-EEEF-1720-F1F7695EA55F}"
EndProject
Global
	GlobalSection(SolutionConfigurationPlatforms) = preSolution
		Debug|Any CPU = Debug|Any CPU
		Release|Any CPU = Release|Any CPU
	EndGlobalSection
	GlobalSection(ProjectConfigurationPlatforms) = postSolution
		{A5ACD262-B6A8-A602-09E3-C7248C09E86D}.Debug|Any CPU.ActiveCfg = Debug|Any CPU
		{A5ACD262-B6A8-A602-09E3-C7248C09E86D}.Debug|Any CPU.Build.0 = Debug|Any CPU
		{A5ACD262-B6A8-A602-09E3-C7248C09E86D}.Release|Any CPU.ActiveCfg = Release|Any CPU
		{A5ACD262-B6A8-A602-09E3-C7248C09E86D}.Release|Any CPU.Build.0 = Release|Any CPU
		{8798D740-AF6E-EEEF-1720-F1F7695EA55F}.Debug|Any CPU.ActiveCfg = Debug|Any CPU
		{8798D740-AF6E-EEEF-1720-F1F7695EA55F}.Debug|Any CPU.Build.0 = Debug|Any CPU
		{8798D740-AF6E-EEEF-1720-F1F7695EA55F}.Release|Any CPU.ActiveCfg = Release|Any CPU
		{8798D740-AF6E-EEEF-1720-F1F7695EA55F}.Release|Any CPU.Build.0 = Release|Any CPU
	EndGlobalSection
	GlobalSection(SolutionProperties) = preSolution
		HideSolutionNode = FALSE
	EndGlobalSection
EndGlobal
